{
  "name": "gs-repo",
  "version": "1.0.0",
  "lockfileVersion": 1,
  "requires": true,
  "dependencies": {
    "add-dom-event-listener": {
      "version": "1.1.0",
      "resolved": "https://registry.npmjs.org/add-dom-event-listener/-/add-dom-event-listener-1.1.0.tgz",
      "integrity": "sha512-WCxx1ixHT0GQU9hb0KI/mhgRQhnU+U3GvwY6ZvVjYq8rsihIGoaIOUbY0yMPBxLH5MDtr0kz3fisWGNcbWW7Jw==",
      "requires": {
        "object-assign": "4.x"
      }
    },
    "antd-mobile-rn": {
      "version": "2.3.3",
      "resolved": "https://registry.npmjs.org/antd-mobile-rn/-/antd-mobile-rn-2.3.3.tgz",
      "integrity": "sha512-bR/81sA25Zf+80/yQop6Y+MVzS03LE1kcyUn0uGxhfcZwM3i8MiKpeQWuAf5lA5by5vH+WpVk1sVe5G5dZzfmQ==",
      "requires": {
        "array-tree-filter": "~2.1.0",
        "babel-runtime": "6.x",
        "normalize-css-color": "^1.0.2",
        "rc-swipeout": "~2.0.0",
        "react-native-camera-roll-picker": "^1.2.1",
        "react-native-collapsible": "^0.9.0",
        "react-native-drawer-layout": "~1.3.0",
        "react-native-menu": "^0.23.0",
        "rmc-cascader": "~5.0.0",
        "rmc-date-picker": "^6.0.8",
        "rmc-dialog": "^1.0.1",
        "rmc-input-number": "^1.0.0",
        "rmc-picker": "~5.0.0",
        "rmc-tabs": "~1.2.0",
        "rn-topview": "^0.1.6",
        "utility-types": "^2.1.0"
      }
    },
    "array-tree-filter": {
      "version": "2.1.0",
      "resolved": "https://registry.npmjs.org/array-tree-filter/-/array-tree-filter-2.1.0.tgz",
      "integrity": "sha512-4ROwICNlNw/Hqa9v+rk5h22KjmzB1JGTMVKP2AKJBOCgb0yL0ASf0+YvCcLNNwquOHNX48jkeZIJ3a+oOQqKcw=="
    },
    "asap": {
      "version": "2.0.6",
      "resolved": "https://registry.npmjs.org/asap/-/asap-2.0.6.tgz",
      "integrity": "sha1-5QNHYR1+aQlDIIu9r+vLwvuGbUY="
    },
    "babel-runtime": {
      "version": "6.26.0",
      "resolved": "https://registry.npmjs.org/babel-runtime/-/babel-runtime-6.26.0.tgz",
      "integrity": "sha1-llxwWGaOgrVde/4E/yM3vItWR/4=",
      "requires": {
        "core-js": "^2.4.0",
        "regenerator-runtime": "^0.11.0"
      }
    },
    "balanced-match": {
      "version": "1.0.0",
      "resolved": "https://registry.npmjs.org/balanced-match/-/balanced-match-1.0.0.tgz",
      "integrity": "sha1-ibTRmasr7kneFk6gK4nORi1xt2c="
    },
    "brace-expansion": {
      "version": "1.1.11",
      "resolved": "https://registry.npmjs.org/brace-expansion/-/brace-expansion-1.1.11.tgz",
      "integrity": "sha512-iCuPHDFgrHX7H2vEI/5xpz07zSHB00TpugqhmYtVmMO6518mCuRMoOYFldEBl0g187ufozdaHgWKcYFb61qGiA==",
      "requires": {
        "balanced-match": "^1.0.0",
        "concat-map": "0.0.1"
      }
    },
    "classnames": {
      "version": "2.2.6",
      "resolved": "https://registry.npmjs.org/classnames/-/classnames-2.2.6.tgz",
      "integrity": "sha512-JR/iSQOSt+LQIWwrwEzJ9uk0xfN3mTVYMwt1Ir5mUcSN6pU+V4zQFFaJsclJbPuAUQH+yfWef6tm7l1quW3C8Q=="
    },
    "colors": {
      "version": "1.4.0",
      "resolved": "https://registry.npmjs.org/colors/-/colors-1.4.0.tgz",
      "integrity": "sha512-a+UqTh4kgZg/SlGvfbzDHpgRu7AAQOmmqRHJnxhRZICKFUT91brVhNNt58CMWU9PsBbv3PDCZUHbVxuDiH2mtA=="
    },
    "component-classes": {
      "version": "1.2.6",
      "resolved": "https://registry.npmjs.org/component-classes/-/component-classes-1.2.6.tgz",
      "integrity": "sha1-xkI5TDYYpNiwuJGe/Mu9kw5c1pE=",
      "requires": {
        "component-indexof": "0.0.3"
      }
    },
    "component-indexof": {
      "version": "0.0.3",
      "resolved": "https://registry.npmjs.org/component-indexof/-/component-indexof-0.0.3.tgz",
      "integrity": "sha1-EdCRMSI5648yyPJa6csAL/6NPCQ="
    },
    "concat-map": {
      "version": "0.0.1",
      "resolved": "https://registry.npmjs.org/concat-map/-/concat-map-0.0.1.tgz",
      "integrity": "sha1-2Klr13/Wjfd5OnMDajug1UBdR3s="
    },
    "core-js": {
      "version": "2.6.9",
      "resolved": "https://registry.npmjs.org/core-js/-/core-js-2.6.9.tgz",
      "integrity": "sha512-HOpZf6eXmnl7la+cUdMnLvUxKNqLUzJvgIziQ0DiF3JwSImNphIqdGqzj6hIKyX04MmV0poclQ7+wjWvxQyR2A=="
    },
    "create-react-class": {
      "version": "15.6.3",
      "resolved": "https://registry.npmjs.org/create-react-class/-/create-react-class-15.6.3.tgz",
      "integrity": "sha512-M+/3Q6E6DLO6Yx3OwrWjwHBnvfXXYA7W+dFjt/ZDBemHO1DDZhsalX/NUtnTYclN6GfnBDRh4qRHjcDHmlJBJg==",
      "requires": {
        "fbjs": "^0.8.9",
        "loose-envify": "^1.3.1",
        "object-assign": "^4.1.1"
      }
    },
    "css-animation": {
      "version": "1.6.1",
      "resolved": "https://registry.npmjs.org/css-animation/-/css-animation-1.6.1.tgz",
      "integrity": "sha512-/48+/BaEaHRY6kNQ2OIPzKf9A6g8WjZYjhiNDNuIVbsm5tXCGIAsHDjB4Xu1C4vXJtUWZo26O68OQkDpNBaPog==",
      "requires": {
        "babel-runtime": "6.x",
        "component-classes": "^1.2.5"
      }
    },
    "debug": {
      "version": "4.1.1",
      "resolved": "https://registry.npmjs.org/debug/-/debug-4.1.1.tgz",
      "integrity": "sha512-pYAIzeRo8J6KPEaJ0VWOh5Pzkbw/RetuzehGM7QRRX5he4fPHx2rdKMB256ehJCkX+XRQm16eZLqLNS8RSZXZw==",
      "requires": {
        "ms": "^2.1.1"
      }
    },
    "encoding": {
      "version": "0.1.12",
      "resolved": "https://registry.npmjs.org/encoding/-/encoding-0.1.12.tgz",
      "integrity": "sha1-U4tm8+5izRq1HsMjgp0flIDHS+s=",
      "requires": {
        "iconv-lite": "~0.4.13"
      }
    },
    "fbjs": {
      "version": "0.8.17",
      "resolved": "https://registry.npmjs.org/fbjs/-/fbjs-0.8.17.tgz",
      "integrity": "sha1-xNWY6taUkRJlPWWIsBpc3Nn5D90=",
      "requires": {
        "core-js": "^1.0.0",
        "isomorphic-fetch": "^2.1.1",
        "loose-envify": "^1.0.0",
        "object-assign": "^4.1.0",
        "promise": "^7.1.1",
        "setimmediate": "^1.0.5",
        "ua-parser-js": "^0.7.18"
      },
      "dependencies": {
        "core-js": {
          "version": "1.2.7",
          "resolved": "https://registry.npmjs.org/core-js/-/core-js-1.2.7.tgz",
          "integrity": "sha1-ZSKUwUZR2yj6k70tX/KYOk8IxjY="
        }
      }
    },
    "fs.realpath": {
      "version": "1.0.0",
      "resolved": "https://registry.npmjs.org/fs.realpath/-/fs.realpath-1.0.0.tgz",
      "integrity": "sha1-FQStJSMVjKpA20onh8sBQRmU6k8="
    },
    "glob": {
      "version": "7.1.4",
      "resolved": "https://registry.npmjs.org/glob/-/glob-7.1.4.tgz",
      "integrity": "sha512-hkLPepehmnKk41pUGm3sYxoFs/umurYfYJCerbXEyFIWcAzvpipAgVkBqqT9RBKMGjnq6kMuyYwha6csxbiM1A==",
      "requires": {
        "fs.realpath": "^1.0.0",
        "inflight": "^1.0.4",
        "inherits": "2",
        "minimatch": "^3.0.4",
        "once": "^1.3.0",
        "path-is-absolute": "^1.0.0"
      }
    },
    "iconv-lite": {
      "version": "0.4.24",
      "resolved": "https://registry.npmjs.org/iconv-lite/-/iconv-lite-0.4.24.tgz",
      "integrity": "sha512-v3MXnZAcvnywkTUEZomIActle7RXXeedOR31wwl7VlyoXO4Qi9arvSenNQWne1TcRwhCL1HwLI21bEqdpj8/rA==",
      "requires": {
        "safer-buffer": ">= 2.1.2 < 3"
      }
    },
    "inflight": {
      "version": "1.0.6",
      "resolved": "https://registry.npmjs.org/inflight/-/inflight-1.0.6.tgz",
      "integrity": "sha1-Sb1jMdfQLQwJvJEKEHW6gWW1bfk=",
      "requires": {
        "once": "^1.3.0",
        "wrappy": "1"
      }
    },
    "inherits": {
      "version": "2.0.4",
      "resolved": "https://registry.npmjs.org/inherits/-/inherits-2.0.4.tgz",
      "integrity": "sha512-k/vGaX4/Yla3WzyMCvTQOXYeIHvqOKtnqBduzTHpzpQZzAskKMhZ2K+EnBiSM9zGSoIFeMpXKxa4dYeZIQqewQ=="
    },
    "is-stream": {
      "version": "1.1.0",
      "resolved": "https://registry.npmjs.org/is-stream/-/is-stream-1.1.0.tgz",
      "integrity": "sha1-EtSj3U5o4Lec6428hBc66A2RykQ="
    },
    "isomorphic-fetch": {
      "version": "2.2.1",
      "resolved": "https://registry.npmjs.org/isomorphic-fetch/-/isomorphic-fetch-2.2.1.tgz",
      "integrity": "sha1-YRrhrPFPXoH3KVB0coGf6XM1WKk=",
      "requires": {
        "node-fetch": "^1.0.1",
        "whatwg-fetch": ">=0.10.0"
      }
    },
    "js-tokens": {
      "version": "4.0.0",
      "resolved": "https://registry.npmjs.org/js-tokens/-/js-tokens-4.0.0.tgz",
      "integrity": "sha512-RdJUflcE3cUzKiMqQgsCu06FPu9UdIJO0beYbPhHN4k6apgJtifcoCtT9bcxOpYBtpD2kCM6Sbzg4CausW/PKQ=="
    },
    "kleur": {
      "version": "3.0.3",
      "resolved": "https://registry.npmjs.org/kleur/-/kleur-3.0.3.tgz",
      "integrity": "sha512-eTIzlVOSUR+JxdDFepEYcBMtZ9Qqdef+rnzWdRZuMbOywu5tO2w2N7rqjoANZ5k9vywhL6Br1VRjUIgTQx4E8w=="
    },
    "lodash": {
      "version": "4.17.21",
      "resolved": "https://registry.npmjs.org/lodash/-/lodash-4.17.21.tgz",
      "integrity": "sha512-v2kDEe57lecTulaDIuNTPy3Ry4gLGJ6Z1O3vE1krgXZNrsQ+LFTGHVxVjcXPs17LhbZVGedAJv8XZ1tvj5FvSg=="
    },
    "lodash._getnative": {
      "version": "3.9.1",
      "resolved": "https://registry.npmjs.org/lodash._getnative/-/lodash._getnative-3.9.1.tgz",
      "integrity": "sha1-VwvH3t5G1hzc3mh9ZdPuy6o6r/U="
    },
    "lodash.isarguments": {
      "version": "3.1.0",
      "resolved": "https://registry.npmjs.org/lodash.isarguments/-/lodash.isarguments-3.1.0.tgz",
      "integrity": "sha1-L1c9hcaiQon/AGY7SRwdM4/zRYo="
    },
    "lodash.isarray": {
      "version": "3.0.4",
      "resolved": "https://registry.npmjs.org/lodash.isarray/-/lodash.isarray-3.0.4.tgz",
      "integrity": "sha1-eeTriMNqgSKvhvhEqpvNhRtfu1U="
    },
    "lodash.keys": {
      "version": "3.1.2",
      "resolved": "https://registry.npmjs.org/lodash.keys/-/lodash.keys-3.1.2.tgz",
      "integrity": "sha1-TbwEcrFWvlCgsoaFXRvQsMZWCYo=",
      "requires": {
        "lodash._getnative": "^3.0.0",
        "lodash.isarguments": "^3.0.0",
        "lodash.isarray": "^3.0.0"
      }
    },
    "loose-envify": {
      "version": "1.4.0",
      "resolved": "https://registry.npmjs.org/loose-envify/-/loose-envify-1.4.0.tgz",
      "integrity": "sha512-lyuxPGr/Wfhrlem2CL/UcnUc1zcqKAImBDzukY7Y5F/yQiNdko6+fRLevlw1HgMySw7f611UIY408EtxRSoK3Q==",
      "requires": {
        "js-tokens": "^3.0.0 || ^4.0.0"
      }
    },
    "minimatch": {
      "version": "3.0.4",
      "resolved": "https://registry.npmjs.org/minimatch/-/minimatch-3.0.4.tgz",
      "integrity": "sha512-yJHVQEhyqPLUTgt9B83PXu6W3rx4MvvHvSUvToogpwoGDOUQ+yDrR0HRot+yOCdCO7u4hX3pWft6kWBBcqh0UA==",
      "requires": {
        "brace-expansion": "^1.1.7"
      }
    },
    "minimist": {
      "version": "0.0.8",
      "resolved": "https://registry.npmjs.org/minimist/-/minimist-0.0.8.tgz",
      "integrity": "sha1-hX/Kv8M5fSYluCKCYuhqp6ARsF0="
    },
    "mkdirp": {
      "version": "0.5.1",
      "resolved": "https://registry.npmjs.org/mkdirp/-/mkdirp-0.5.1.tgz",
      "integrity": "sha1-MAV0OOrGz3+MR2fzhkjWaX11yQM=",
      "requires": {
        "minimist": "0.0.8"
      }
    },
    "ms": {
      "version": "2.1.2",
      "resolved": "https://registry.npmjs.org/ms/-/ms-2.1.2.tgz",
      "integrity": "sha512-sGkPx+VjMtmA6MX27oA4FBFELFCZZ4S4XqeGOXCv68tT+jb3vk/RyaKWP0PTKyWtmLSM0b+adUTEvbs1PEaH2w=="
    },
    "node-fetch": {
      "version": "1.7.3",
      "resolved": "https://registry.npmjs.org/node-fetch/-/node-fetch-1.7.3.tgz",
      "integrity": "sha512-NhZ4CsKx7cYm2vSrBAr2PvFOe6sWDf0UYLRqA6svUYg7+/TSfVAu49jYC4BvQ4Sms9SZgdqGBgroqfDhJdTyKQ==",
      "requires": {
        "encoding": "^0.1.11",
        "is-stream": "^1.0.1"
      }
    },
    "node-persist": {
      "version": "3.0.5",
      "resolved": "https://registry.npmjs.org/node-persist/-/node-persist-3.0.5.tgz",
      "integrity": "sha512-zJmBA58kI9QAxXLMc4NLswgzXVIqKfsfQtiySMF6eEQ3kVvoM3YHzcP0//L9u30Fqx3cYe1FL/a+fyB3VwO/oQ==",
      "requires": {
        "mkdirp": "~0.5.1"
      }
    },
    "normalize-css-color": {
      "version": "1.0.2",
      "resolved": "https://registry.npmjs.org/normalize-css-color/-/normalize-css-color-1.0.2.tgz",
      "integrity": "sha1-Apkel8zOxmI/5XOvu/Deah8+n40="
    },
    "object-assign": {
      "version": "4.1.1",
      "resolved": "https://registry.npmjs.org/object-assign/-/object-assign-4.1.1.tgz",
      "integrity": "sha1-IQmtx5ZYh8/AXLvUQsrIv7s2CGM="
    },
    "once": {
      "version": "1.4.0",
      "resolved": "https://registry.npmjs.org/once/-/once-1.4.0.tgz",
      "integrity": "sha1-WDsap3WWHUsROsF9nFC6753Xa9E=",
      "requires": {
        "wrappy": "1"
      }
    },
    "path-is-absolute": {
      "version": "1.0.1",
      "resolved": "https://registry.npmjs.org/path-is-absolute/-/path-is-absolute-1.0.1.tgz",
      "integrity": "sha1-F0uSaHNVNP+8es5r9TpanhtcX18="
    },
    "performance-now": {
      "version": "2.1.0",
      "resolved": "https://registry.npmjs.org/performance-now/-/performance-now-2.1.0.tgz",
      "integrity": "sha1-Ywn04OX6kT7BxpMHrjZLSzd8nns="
    },
    "promise": {
      "version": "7.3.1",
      "resolved": "https://registry.npmjs.org/promise/-/promise-7.3.1.tgz",
      "integrity": "sha512-nolQXZ/4L+bP/UGlkfaIujX9BKxGwmQ9OT4mOt5yvy8iK1h3wqTEJCijzGANTCCl9nWjY41juyAn2K3Q1hLLTg==",
      "requires": {
        "asap": "~2.0.3"
      }
    },
    "prompts": {
      "version": "1.2.1",
      "resolved": "https://registry.npmjs.org/prompts/-/prompts-1.2.1.tgz",
      "integrity": "sha512-GE33SMMVO1ISfnq3i6cE+WYK/tLxRWtZiRkl5vdg0KR0owOCPFOsq8BuFajFbW7b2bMHb8krXaQHOpZyUEuvmA==",
      "requires": {
        "kleur": "^3.0.0",
        "sisteransi": "^1.0.0"
      }
    },
    "prop-types": {
      "version": "15.7.2",
      "resolved": "https://registry.npmjs.org/prop-types/-/prop-types-15.7.2.tgz",
      "integrity": "sha512-8QQikdH7//R2vurIJSutZ1smHYTcLpRWEOlHnzcWHmBYrOGUysKwSsrC89BCiFj3CbrfJ/nXFdJepOVrY1GCHQ==",
      "requires": {
        "loose-envify": "^1.4.0",
        "object-assign": "^4.1.1",
        "react-is": "^16.8.1"
      }
    },
    "raf": {
      "version": "3.4.1",
      "resolved": "https://registry.npmjs.org/raf/-/raf-3.4.1.tgz",
      "integrity": "sha512-Sq4CW4QhwOHE8ucn6J34MqtZCeWFP2aQSmrlroYgqAV1PjStIhJXxYuTgUIfkEk7zTLjmIjLmU5q+fbD1NnOJA==",
      "requires": {
        "performance-now": "^2.1.0"
      }
    },
    "rc-animate": {
      "version": "2.10.0",
      "resolved": "https://registry.npmjs.org/rc-animate/-/rc-animate-2.10.0.tgz",
      "integrity": "sha512-gZM3WteZO0e3X8B71KP0bs95EY2tAPRuiZyKnlhdLpOjTX/64SrhDZM3pT2Z8mJjKWNiiB5q2SSSf+BD8ljwVw==",
      "requires": {
        "babel-runtime": "6.x",
        "classnames": "^2.2.6",
        "css-animation": "^1.3.2",
        "prop-types": "15.x",
        "raf": "^3.4.0",
        "rc-util": "^4.8.0",
        "react-lifecycles-compat": "^3.0.4"
      }
    },
    "rc-gesture": {
      "version": "0.0.22",
      "resolved": "https://registry.npmjs.org/rc-gesture/-/rc-gesture-0.0.22.tgz",
      "integrity": "sha512-6G6qrCE0MUTXyjh/powj91XkjRjoFL4HiJLPU5lALXHvGX+/efcUjGYUrHrrw0mwQdmrmg4POqnY/bibns+G3g==",
      "requires": {
        "babel-runtime": "6.x"
      }
    },
    "rc-swipeout": {
      "version": "2.0.11",
      "resolved": "https://registry.npmjs.org/rc-swipeout/-/rc-swipeout-2.0.11.tgz",
      "integrity": "sha512-d37Lgn4RX4OOQyuA2BFo0rGlUwrmZk5q83srH3ixJ1Y1jidr2GKjgJDbNeGUVZPNfYBL91Elu6+xfVGftWf4Lg==",
      "requires": {
        "babel-runtime": "6.x",
        "classnames": "2.x",
        "rc-gesture": "~0.0.22",
        "react-native-swipeout": "^2.2.2"
      }
    },
    "rc-util": {
      "version": "4.11.0",
      "resolved": "https://registry.npmjs.org/rc-util/-/rc-util-4.11.0.tgz",
      "integrity": "sha512-nB29kXOXsSVjBkWfH+Z1GVh6tRg7XGZtZ0Yfie+OI0stCDixGQ1cPrS6iYxlg+AV2St6COCK5MFrCmpTgghh0w==",
      "requires": {
        "add-dom-event-listener": "^1.1.0",
        "babel-runtime": "6.x",
        "prop-types": "^15.5.10",
        "react-lifecycles-compat": "^3.0.4",
        "shallowequal": "^0.2.2"
      }
    },
    "react-is": {
      "version": "16.10.0",
      "resolved": "https://registry.npmjs.org/react-is/-/react-is-16.10.0.tgz",
      "integrity": "sha512-WRki2sBb7MTpYp7FtDEmSeGKX2vamYyq3rc9o7fKUG+/DHVyJu69NnvJsiSwwhh2Tt8XN40MQHkDBEXwyfxncQ=="
    },
    "react-lifecycles-compat": {
      "version": "3.0.4",
      "resolved": "https://registry.npmjs.org/react-lifecycles-compat/-/react-lifecycles-compat-3.0.4.tgz",
      "integrity": "sha512-fBASbA6LnOU9dOU2eW7aQ8xmYBSXUIWr+UmF9b1efZBazGNO+rcXT/icdKnYm2pTwcRylVUYwW7H1PHfLekVzA=="
    },
    "react-native-camera-roll-picker": {
      "version": "1.3.0",
      "resolved": "https://registry.npmjs.org/react-native-camera-roll-picker/-/react-native-camera-roll-picker-1.3.0.tgz",
      "integrity": "sha512-D9rG0jjyhcfB5GKvC9dU3wjlRf+1Dj4H/B9sZmBU1CppDBofHjNCTtVQsLQMhXAG6XbHZqHUqqJik0RKCuPZEQ==",
      "requires": {
        "prop-types": "^15.6.0"
      }
    },
    "react-native-collapsible": {
      "version": "0.9.0",
      "resolved": "https://registry.npmjs.org/react-native-collapsible/-/react-native-collapsible-0.9.0.tgz",
      "integrity": "sha512-AD0OcjrhOgj0/XoaDK5O3RKqfVRUdGi/MNqt1UsnFCEi+qaXci26YNBWBQq7tybBWaqVn5zRLVHJjQBNy4hmWg==",
      "requires": {
        "prop-types": "^15.5.10"
      }
    },
    "react-native-dismiss-keyboard": {
      "version": "1.0.0",
      "resolved": "https://registry.npmjs.org/react-native-dismiss-keyboard/-/react-native-dismiss-keyboard-1.0.0.tgz",
      "integrity": "sha1-MohiQrPyMX4SHzrrmwpYXiuHm0k="
    },
    "react-native-drawer-layout": {
      "version": "1.3.2",
      "resolved": "https://registry.npmjs.org/react-native-drawer-layout/-/react-native-drawer-layout-1.3.2.tgz",
      "integrity": "sha512-fjO0scqbJUfNu2wuEpvywL7DYLXuCXJ2W/zYhWz986rdLytidbys1QGVvkaszHrb4Y7OqO96mTkgpOcP8KWevw==",
      "requires": {
        "react-native-dismiss-keyboard": "1.0.0"
      }
    },
    "react-native-menu": {
      "version": "0.23.0",
      "resolved": "https://registry.npmjs.org/react-native-menu/-/react-native-menu-0.23.0.tgz",
      "integrity": "sha1-PAIyOa7ZXUGSdd9QwZmYKtfrBis=",
      "requires": {
        "create-react-class": "^15.6.0",
        "prop-types": "^15.5.10",
        "react-timer-mixin": "^0.13.3"
      }
    },
    "react-native-swipeout": {
      "version": "2.3.6",
      "resolved": "https://registry.npmjs.org/react-native-swipeout/-/react-native-swipeout-2.3.6.tgz",
      "integrity": "sha512-t9suUCspzck4vp2pWggWe0frS/QOtX6yYCawHnEes75A7dZCEE74bxX2A1bQzGH9cUMjq6xsdfC94RbiDKIkJg==",
      "requires": {
        "create-react-class": "^15.6.0",
        "prop-types": "^15.5.10",
        "react-tween-state": "^0.1.5"
      }
    },
    "react-timer-mixin": {
      "version": "0.13.4",
      "resolved": "https://registry.npmjs.org/react-timer-mixin/-/react-timer-mixin-0.13.4.tgz",
      "integrity": "sha512-4+ow23tp/Tv7hBM5Az5/Be/eKKF7DIvJ09voz5LyHGQaqqz9WV8YMs31eFvcYQs7d451LSg7kDJV70XYN/Ug/Q=="
    },
    "react-tween-state": {
      "version": "0.1.5",
      "resolved": "https://registry.npmjs.org/react-tween-state/-/react-tween-state-0.1.5.tgz",
      "integrity": "sha1-6YsGZVHvuTy5LdG+FJlcLj3q4zk=",
      "requires": {
        "raf": "^3.1.0",
        "tween-functions": "^1.0.1"
      }
    },
    "regenerator-runtime": {
      "version": "0.11.1",
      "resolved": "https://registry.npmjs.org/regenerator-runtime/-/regenerator-runtime-0.11.1.tgz",
      "integrity": "sha512-MguG95oij0fC3QV3URf4V2SDYGJhJnJGqvIIgdECeODCT98wSWDAJ94SSuVpYQUoTcGUIL6L4yNB7j1DFFHSBg=="
    },
    "rimraf": {
      "version": "2.7.1",
      "resolved": "https://registry.npmjs.org/rimraf/-/rimraf-2.7.1.tgz",
      "integrity": "sha512-uWjbaKIK3T1OSVptzX7Nl6PvQ3qAGtKEtVRjRuazjfL3Bx5eI409VZSqgND+4UNnmzLVdPj9FqFJNPqBZFve4w==",
      "requires": {
        "glob": "^7.1.3"
      }
    },
    "rmc-cascader": {
      "version": "5.0.3",
      "resolved": "https://registry.npmjs.org/rmc-cascader/-/rmc-cascader-5.0.3.tgz",
      "integrity": "sha512-PxDhMjWViDdG4SMZqoXtAthGwgDyYnyxxZEE17IDDYsiCHpWtOhoIL8nsI+/hZ212UT/XF2LpqCsOlMoJiYk+w==",
      "requires": {
        "array-tree-filter": "2.1.x",
        "babel-runtime": "6.x",
        "rmc-picker": "~5.0.0"
      }
    },
    "rmc-date-picker": {
      "version": "6.0.10",
      "resolved": "https://registry.npmjs.org/rmc-date-picker/-/rmc-date-picker-6.0.10.tgz",
      "integrity": "sha512-/9+I6lm3EDEl6M7862V6++zFuxwsM0UEq8wSHbotYIPPmyB/65gx1cviblghOv2QfB0O9+U2w3qEJlRP/WsMrA==",
      "requires": {
        "babel-runtime": "6.x",
        "rmc-picker": "~5.0.0"
      }
    },
    "rmc-dialog": {
      "version": "1.1.1",
      "resolved": "https://registry.npmjs.org/rmc-dialog/-/rmc-dialog-1.1.1.tgz",
      "integrity": "sha512-28aJqtPTX6v13Z/aU1WBy1AFIXkE74PxZXde7JvtEIy9hQDTjH8fqOi822BpzAbXCyNE7jF9iFomy3H2ClsDJA==",
      "requires": {
        "babel-runtime": "6.x",
        "rc-animate": "2.x"
      }
    },
    "rmc-feedback": {
      "version": "2.0.0",
      "resolved": "https://registry.npmjs.org/rmc-feedback/-/rmc-feedback-2.0.0.tgz",
      "integrity": "sha512-5PWOGOW7VXks/l3JzlOU9NIxRpuaSS8d9zA3UULUCuTKnpwBHNvv1jSJzxgbbCQeYzROWUpgKI4za3X4C/mKmQ==",
      "requires": {
        "babel-runtime": "6.x",
        "classnames": "^2.2.5"
      }
    },
    "rmc-input-number": {
      "version": "1.0.5",
      "resolved": "https://registry.npmjs.org/rmc-input-number/-/rmc-input-number-1.0.5.tgz",
      "integrity": "sha512-prPkEtoOVde77GnEnEaBeWjBobMOPgGqU5bd0gxfp1kt1pUN740mMpVAcH7uxpJjVfmw+kuGWtiz4S7CueagSg==",
      "requires": {
        "babel-runtime": "6.x",
        "classnames": "^2.2.0",
        "rmc-feedback": "^2.0.0"
      }
    },
    "rmc-picker": {
      "version": "5.0.10",
      "resolved": "https://registry.npmjs.org/rmc-picker/-/rmc-picker-5.0.10.tgz",
      "integrity": "sha512-KZ70+WjcaZHnG5GyCxWCPFWAZ12s6NqyrbW73LeqH0WEqaTMMs0sOrk2f4mQAZ/CGT0XcFN6VZLw7Ozoxfn7LA==",
      "requires": {
        "babel-runtime": "6.x",
        "classnames": "^2.2.6",
        "rmc-dialog": "^1.1.1",
        "rmc-feedback": "^2.0.0"
      }
    },
    "rmc-tabs": {
      "version": "1.2.29",
      "resolved": "https://registry.npmjs.org/rmc-tabs/-/rmc-tabs-1.2.29.tgz",
      "integrity": "sha512-wiJS9WSJi9JH9GQO+FqncX+zaHP31qHa/S8nDW9UXUx0qbCX294QcJEnvfB+WmsfUws7rXjs6sOQp5EDiObnHg==",
      "requires": {
        "babel-runtime": "6.x",
        "rc-gesture": "~0.0.18"
      }
    },
    "rn-topview": {
      "version": "0.1.6",
      "resolved": "https://registry.npmjs.org/rn-topview/-/rn-topview-0.1.6.tgz",
      "integrity": "sha512-Dq9/Acbj5R9w9hK05+CiZ2Y4ZPE+6ih3EodBc+Kde9oYWeG/IDPxWuRygyAQDyXnnieRyRqrzCbuQ6L8ib31IA=="
    },
    "safer-buffer": {
      "version": "2.1.2",
      "resolved": "https://registry.npmjs.org/safer-buffer/-/safer-buffer-2.1.2.tgz",
      "integrity": "sha512-YZo3K82SD7Riyi0E1EQPojLz7kpepnSQI9IyPbHHg1XXXevb5dJI7tpyN2ADxGcQbHG7vcyRHk0cbwqcQriUtg=="
    },
    "setimmediate": {
      "version": "1.0.5",
      "resolved": "https://registry.npmjs.org/setimmediate/-/setimmediate-1.0.5.tgz",
      "integrity": "sha1-KQy7Iy4waULX1+qbg3Mqt4VvgoU="
    },
    "shallowequal": {
      "version": "0.2.2",
      "resolved": "https://registry.npmjs.org/shallowequal/-/shallowequal-0.2.2.tgz",
      "integrity": "sha1-HjL9W8q2rWiKSBLLDMBO/HXHAU4=",
      "requires": {
        "lodash.keys": "^3.1.2"
      }
    },
    "simple-git": {
      "version": "1.126.0",
      "resolved": "https://registry.npmjs.org/simple-git/-/simple-git-1.126.0.tgz",
      "integrity": "sha512-47mqHxgZnN8XRa9HbpWprzUv3Ooqz9RY/LSZgvA7jCkW8jcwLahMz7LKugY91KZehfG0sCVPtgXiU72hd6b1Bw==",
      "requires": {
        "debug": "^4.0.1"
      }
    },
    "sisteransi": {
      "version": "1.0.3",
      "resolved": "https://registry.npmjs.org/sisteransi/-/sisteransi-1.0.3.tgz",
      "integrity": "sha512-SbEG75TzH8G7eVXFSN5f9EExILKfly7SUvVY5DhhYLvfhKqhDFY0OzevWa/zwak0RLRfWS5AvfMWpd9gJvr5Yg=="
    },
    "tween-functions": {
      "version": "1.2.0",
      "resolved": "https://registry.npmjs.org/tween-functions/-/tween-functions-1.2.0.tgz",
      "integrity": "sha1-GuOlDnxguz3vd06scHrLynO7w/8="
    },
    "ua-parser-js": {
      "version": "0.7.20",
      "resolved": "https://registry.npmjs.org/ua-parser-js/-/ua-parser-js-0.7.20.tgz",
      "integrity": "sha512-8OaIKfzL5cpx8eCMAhhvTlft8GYF8b2eQr6JkCyVdrgjcytyOmPCXrqXFcUnhonRpLlh5yxEZVohm6mzaowUOw=="
    },
    "utility-types": {
      "version": "2.1.0",
      "resolved": "https://registry.npmjs.org/utility-types/-/utility-types-2.1.0.tgz",
      "integrity": "sha512-/nP2gqavggo6l38rtQI/CdeV+2fmBGXVvHgj9kV2MAnms3TIi77Mz9BtapPFI0+GZQCqqom0vACQ+VlTTaCovw=="
    },
    "whatwg-fetch": {
      "version": "3.0.0",
      "resolved": "https://registry.npmjs.org/whatwg-fetch/-/whatwg-fetch-3.0.0.tgz",
      "integrity": "sha512-9GSJUgz1D4MfyKU7KRqwOjXCXTqWdFNvEr7eUBYchQiVc744mqK/MzXPNR2WsPkmkOa4ywfg8C2n8h+13Bey1Q=="
    },
    "wrappy": {
      "version": "1.0.2",
      "resolved": "https://registry.npmjs.org/wrappy/-/wrappy-1.0.2.tgz",
      "integrity": "sha1-tSQ9jz7BqjXxNkYFvA0QNuMKtp8="
    }
  }
}
